// !$*UTF8*$!
{
	archiveVersion = 1;
	classes = {
	};
	objectVersion = 46;
	objects = {

/* Begin PBXBuildFile section */
		F96E6E2C1B40FD4900D53657 /* AppDelegate.swift in Sources */ = {isa = PBXBuildFile; fileRef = F96E6E2B1B40FD4900D53657 /* AppDelegate.swift */; };
		F96E6E2E1B40FD4900D53657 /* ViewController.swift in Sources */ = {isa = PBXBuildFile; fileRef = F96E6E2D1B40FD4900D53657 /* ViewController.swift */; };
		F96E6E311B40FD4900D53657 /* Main.storyboard in Resources */ = {isa = PBXBuildFile; fileRef = F96E6E2F1B40FD4900D53657 /* Main.storyboard */; };
		F96E6E331B40FD4900D53657 /* Images.xcassets in Resources */ = {isa = PBXBuildFile; fileRef = F96E6E321B40FD4900D53657 /* Images.xcassets */; };
		F96E6E361B40FD4900D53657 /* LaunchScreen.xib in Resources */ = {isa = PBXBuildFile; fileRef = F96E6E341B40FD4900D53657 /* LaunchScreen.xib */; };
		F96E6E421B40FD4900D53657 /* NavigationProjectTests.swift in Sources */ = {isa = PBXBuildFile; fileRef = F96E6E411B40FD4900D53657 /* NavigationProjectTests.swift */; };
		F9DF45411B410163009F1696 /* SecondController.swift in Sources */ = {isa = PBXBuildFile; fileRef = F9DF45401B410163009F1696 /* SecondController.swift */; };
/* End PBXBuildFile section */

/* Begin PBXContainerItemProxy section */
		F96E6E3C1B40FD4900D53657 /* PBXContainerItemProxy */ = {
			isa = PBXContainerItemProxy;
			containerPortal = F96E6E1E1B40FD4900D53657 /* Project object */;
			proxyType = 1;
			remoteGlobalIDString = F96E6E251B40FD4900D53657;
			remoteInfo = NavigationProject;
		};
/* End PBXContainerItemProxy section */

/* Begin PBXFileReference section */
		F96E6E261B40FD4900D53657 /* NavigationProject.app */ = {isa = PBXFileReference; explicitFileType = wrapper.application; includeInIndex = 0; path = NavigationProject.app; sourceTree = BUILT_PRODUCTS_DIR; };
		F96E6E2A1B40FD4900D53657 /* Info.plist */ = {isa = PBXFileReference; lastKnownFileType = text.plist.xml; path = Info.plist; sourceTree = "<group>"; };
		F96E6E2B1B40FD4900D53657 /* AppDelegate.swift */ = {isa = PBXFileReference; lastKnownFileType = sourcecode.swift; path = AppDelegate.swift; sourceTree = "<group>"; };
		F96E6E2D1B40FD4900D53657 /* ViewController.swift */ = {isa = PBXFileReference; lastKnownFileType = sourcecode.swift; path = ViewController.swift; sourceTree = "<group>"; };
		F96E6E301B40FD4900D53657 /* Base */ = {isa = PBXFileReference; lastKnownFileType = file.storyboard; name = Base; path = Base.lproj/Main.storyboard; sourceTree = "<group>"; };
		F96E6E321B40FD4900D53657 /* Images.xcassets */ = {isa = PBXFileReference; lastKnownFileType = folder.assetcatalog; path = Images.xcassets; sourceTree = "<group>"; };
		F96E6E351B40FD4900D53657 /* Base */ = {isa = PBXFileReference; lastKnownFileType = file.xib; name = Base; path = Base.lproj/LaunchScreen.xib; sourceTree = "<group>"; };
		F96E6E3B1B40FD4900D53657 /* NavigationProjectTests.xctest */ = {isa = PBXFileReference; explicitFileType = wrapper.cfbundle; includeInIndex = 0; path = NavigationProjectTests.xctest; sourceTree = BUILT_PRODUCTS_DIR; };
		F96E6E401B40FD4900D53657 /* Info.plist */ = {isa = PBXFileReference; lastKnownFileType = text.plist.xml; path = Info.plist; sourceTree = "<group>"; };
		F96E6E411B40FD4900D53657 /* NavigationProjectTests.swift */ = {isa = PBXFileReference; lastKnownFileType = sourcecode.swift; path = NavigationProjectTests.swift; sourceTree = "<group>"; };
		F9DF45401B410163009F1696 /* SecondController.swift */ = {isa = PBXFileReference; fileEncoding = 4; lastKnownFileType = sourcecode.swift; path = SecondController.swift; sourceTree = "<group>"; };
/* End PBXFileReference section */

/* Begin PBXFrameworksBuildPhase section */
		F96E6E231B40FD4900D53657 /* Frameworks */ = {
			isa = PBXFrameworksBuildPhase;
			buildActionMask = 2147483647;
			files = (
			);
			runOnlyForDeploymentPostprocessing = 0;
		};
		F96E6E381B40FD4900D53657 /* Frameworks */ = {
			isa = PBXFrameworksBuildPhase;
			buildActionMask = 2147483647;
			files = (
			);
			runOnlyForDeploymentPostprocessing = 0;
		};
/* End PBXFrameworksBuildPhase section */

/* Begin PBXGroup section */
		F96E6E1D1B40FD4900D53657 = {
			isa = PBXGroup;
			children = (
				F96E6E281B40FD4900D53657 /* NavigationProject */,
				F96E6E3E1B40FD4900D53657 /* NavigationProjectTests */,
				F96E6E271B40FD4900D53657 /* Products */,
			);
			sourceTree = "<group>";
		};
		F96E6E271B40FD4900D53657 /* Products */ = {
			isa = PBXGroup;
			children = (
				F96E6E261B40FD4900D53657 /* NavigationProject.app */,
				F96E6E3B1B40FD4900D53657 /* NavigationProjectTests.xctest */,
			);
			name = Products;
			sourceTree = "<group>";
		};
		F96E6E281B40FD4900D53657 /* NavigationProject */ = {
			isa = PBXGroup;
			children = (
				F96E6E2B1B40FD4900D53657 /* AppDelegate.swift */,
				F96E6E2D1B40FD4900D53657 /* ViewController.swift */,
				F9DF45401B410163009F1696 /* SecondController.swift */,
				F96E6E2F1B40FD4900D53657 /* Main.storyboard */,
				F96E6E321B40FD4900D53657 /* Images.xcassets */,
				F96E6E341B40FD4900D53657 /* LaunchScreen.xib */,
				F96E6E291B40FD4900D53657 /* Supporting Files */,
			);
			path = NavigationProject;
			sourceTree = "<group>";
		};
		F96E6E291B40FD4900D53657 /* Supporting Files */ = {
			isa = PBXGroup;
			children = (
				F96E6E2A1B40FD4900D53657 /* Info.plist */,
			);
			name = "Supporting Files";
			sourceTree = "<group>";
		};
		F96E6E3E1B40FD4900D53657 /* NavigationProjectTests */ = {
			isa = PBXGroup;
			children = (
				F96E6E411B40FD4900D53657 /* NavigationProjectTests.swift */,
				F96E6E3F1B40FD4900D53657 /* Supporting Files */,
			);
			path = NavigationProjectTests;
			sourceTree = "<group>";
		};
		F96E6E3F1B40FD4900D53657 /* Supporting Files */ = {
			isa = PBXGroup;
			children = (
				F96E6E401B40FD4900D53657 /* Info.plist */,
			);
			name = "Supporting Files";
			sourceTree = "<group>";
		};
/* End PBXGroup section */

/* Begin PBXNativeTarget section */
		F96E6E251B40FD4900D53657 /* NavigationProject */ = {
			isa = PBXNativeTarget;
			buildConfigurationList = F96E6E451B40FD4900D53657 /* Build configuration list for PBXNativeTarget "NavigationProject" */;
			buildPhases = (
				F96E6E221B40FD4900D53657 /* Sources */,
				F96E6E231B40FD4900D53657 /* Frameworks */,
				F96E6E241B40FD4900D53657 /* Resources */,
			);
			buildRules = (
			);
			dependencies = (
			);
			name = NavigationProject;
			productName = NavigationProject;
			productReference = F96E6E261B40FD4900D53657 /* NavigationProject.app */;
			productType = "com.apple.product-type.application";
		};
		F96E6E3A1B40FD4900D53657 /* NavigationProjectTests */ = {
			isa = PBXNativeTarget;
			buildConfigurationList = F96E6E481B40FD4900D53657 /* Build configuration list for PBXNativeTarget "NavigationProjectTests" */;
			buildPhases = (
				F96E6E371B40FD4900D53657 /* Sources */,
				F96E6E381B40FD4900D53657 /* Frameworks */,
				F96E6E391B40FD4900D53657 /* Resources */,
			);
			buildRules = (
			);
			dependencies = (
				F96E6E3D1B40FD4900D53657 /* PBXTargetDependency */,
			);
			name = NavigationProjectTests;
			productName = NavigationProjectTests;
			productReference = F96E6E3B1B40FD4900D53657 /* NavigationProjectTests.xctest */;
			productType = "com.apple.product-type.bundle.unit-test";
		};
/* End PBXNativeTarget section */

/* Begin PBXProject section */
		F96E6E1E1B40FD4900D53657 /* Project object */ = {
			isa = PBXProject;
			attributes = {
				LastUpgradeCheck = 0630;
				ORGANIZATIONNAME = "Cai, Matthew";
				TargetAttributes = {
					F96E6E251B40FD4900D53657 = {
						CreatedOnToolsVersion = 6.3.2;
					};
					F96E6E3A1B40FD4900D53657 = {
						CreatedOnToolsVersion = 6.3.2;
						TestTargetID = F96E6E251B40FD4900D53657;
					};
				};
			};
			buildConfigurationList = F96E6E211B40FD4900D53657 /* Build configuration list for PBXProject "NavigationProject" */;
			compatibilityVersion = "Xcode 3.2";
			developmentRegion = English;
			hasScannedForEncodings = 0;
			knownRegions = (
				en,
				Base,
			);
			mainGroup = F96E6E1D1B40FD4900D53657;
			productRefGroup = F96E6E271B40FD4900D53657 /* Products */;
			projectDirPath = "";
			projectRoot = "";
			targets = (
				F96E6E251B40FD4900D53657 /* NavigationProject */,
				F96E6E3A1B40FD4900D53657 /* NavigationProjectTests */,
			);
		};
/* End PBXProject section */

/* Begin PBXResourcesBuildPhase section */
		F96E6E241B40FD4900D53657 /* Resources */ = {
			isa = PBXResourcesBuildPhase;
			buildActionMask = 2147483647;
			files = (
				F96E6E311B40FD4900D53657 /* Main.storyboard in Resources */,
				F96E6E361B40FD4900D53657 /* LaunchScreen.xib in Resources */,
				F96E6E331B40FD4900D53657 /* Images.xcassets in Resources */,
			);
			runOnlyForDeploymentPostprocessing = 0;
		};
		F96E6E391B40FD4900D53657 /* Resources */ = {
			isa = PBXResourcesBuildPhase;
			buildActionMask = 2147483647;
			files = (
			);
			runOnlyForDeploymentPostprocessing = 0;
		};
/* End PBXResourcesBuildPhase section */

/* Begin PBXSourcesBuildPhase section */
		F96E6E221B40FD4900D53657 /* Sources */ = {
			isa = PBXSourcesBuildPhase;
			buildActionMask = 2147483647;
			files = (
				F9DF45411B410163009F1696 /* SecondController.swift in Sources */,
				F96E6E2E1B40FD4900D53657 /* ViewController.swift in Sources */,
				F96E6E2C1B40FD4900D53657 /* AppDelegate.swift in Sources */,
			);
			runOnlyForDeploymentPostprocessing = 0;
		};
		F96E6E371B40FD4900D53657 /* Sources */ = {
			isa = PBXSourcesBuildPhase;
			buildActionMask = 2147483647;
			files = (
				F96E6E421B40FD4900D53657 /* NavigationProjectTests.swift in Sources */,
			);
			runOnlyForDeploymentPostprocessing = 0;
		};
/* End PBXSourcesBuildPhase section */

/* Begin PBXTargetDependency section */
		F96E6E3D1B40FD4900D53657 /* PBXTargetDependency */ = {
			isa = PBXTargetDependency;
			target = F96E6E251B40FD4900D53657 /* NavigationProject */;
			targetProxy = F96E6E3C1B40FD4900D53657 /* PBXContainerItemProxy */;
		};
/* End PBXTargetDependency section */

/* Begin PBXVariantGroup section */
		F96E6E2F1B40FD4900D53657 /* Main.storyboard */ = {
			isa = PBXVariantGroup;
			children = (
				F96E6E301B40FD4900D53657 /* Base */,
			);
			name = Main.storyboard;
			sourceTree = "<group>";
		};
		F96E6E341B40FD4900D53657 /* LaunchScreen.xib */ = {
			isa = PBXVariantGroup;
			children = (
				F96E6E351B40FD4900D53657 /* Base */,
			);
			name = LaunchScreen.xib;
			sourceTree = "<group>";
		};
/* End PBXVariantGroup section */

/* Begin XCBuildConfiguration section */
		F96E6E431B40FD4900D53657 /* Debug */ = {
			isa = XCBuildConfiguration;
			buildSettings = {
				ALWAYS_SEARCH_USER_PATHS = NO;
				CLANG_CXX_LANGUAGE_STANDARD = "gnu++0x";
				CLANG_CXX_LIBRARY = "libc++";
				CLANG_ENABLE_MODULES = YES;
				CLANG_ENABLE_OBJC_ARC = YES;
				CLANG_WARN_BOOL_CONVERSION = YES;
				CLANG_WARN_CONSTANT_CONVERSION = YES;
				CLANG_WARN_DIRECT_OBJC_ISA_USAGE = YES_ERROR;
				CLANG_WARN_EMPTY_BODY = YES;
				CLANG_WARN_ENUM_CONVERSION = YES;
				CLANG_WARN_INT_CONVERSION = YES;
				CLANG_WARN_OBJC_ROOT_CLASS = YES_ERROR;
				CLANG_WARN_UNREACHABLE_CODE = YES;
				CLANG_WARN__DUPLICATE_METHOD_MATCH = YES;
				"CODE_SIGN_IDENTITY[sdk=iphoneos*]" = "iPhone Developer";
				COPY_PHASE_STRIP = NO;
				DEBUG_INFORMATION_FORMAT = "dwarf-with-dsym";
				ENABLE_STRICT_OBJC_MSGSEND = YES;
				GCC_C_LANGUAGE_STANDARD = gnu99;
				GCC_DYNAMIC_NO_PIC = NO;
				GCC_NO_COMMON_BLOCKS = YES;
				GCC_OPTIMIZATION_LEVEL = 0;
				GCC_PREPROCESSOR_DEFINITIONS = (
					"DEBUG=1",
					"$(inherited)",
				);
				GCC_SYMBOLS_PRIVATE_EXTERN = NO;
				GCC_WARN_64_TO_32_BIT_CONVERSION = YES;
				GCC_WARN_ABOUT_RETURN_TYPE = YES_ERROR;
				GCC_WARN_UNDECLARED_SELECTOR = YES;
				GCC_WARN_UNINITIALIZED_AUTOS = YES_AGGRESSIVE;
				GCC_WARN_UNUSED_FUNCTION = YES;
				GCC_WARN_UNUSED_VARIABLE = YES;
				IPHONEOS_DEPLOYMENT_TARGET = 8.3;
				MTL_ENABLE_DEBUG_INFO = YES;
				ONLY_ACTIVE_ARCH = YES;
				SDKROOT = iphoneos;
				SWIFT_OPTIMIZATION_LEVEL = "-Onone";
				TARGETED_DEVICE_FAMILY = "1,2";
			};
			name = Debug;
		};
		F96E6E441B40FD4900D53657 /* Release */ = {
			isa = XCBuildConfiguration;
			buildSettings = {
				ALWAYS_SEARCH_USER_PATHS = NO;
				CLANG_CXX_LANGUAGE_STANDARD = "gnu++0x";
				CLANG_CXX_LIBRARY = "libc++";
				CLANG_ENABLE_MODULES = YES;
				CLANG_ENABLE_OBJC_ARC = YES;
				CLANG_WARN_BOOL_CONVERSION = YES;
				CLANG_WARN_CONSTANT_CONVERSION = YES;
				CLANG_WARN_DIRECT_OBJC_ISA_USAGE = YES_ERROR;
				CLANG_WARN_EMPTY_BODY = YES;
				CLANG_WARN_ENUM_CONVERSION = YES;
				CLANG_WARN_INT_CONVERSION = YES;
				CLANG_WARN_OBJC_ROOT_CLASS = YES_ERROR;
				CLANG_WARN_UNREACHABLE_CODE = YES;
				CLANG_WARN__DUPLICATE_METHOD_MATCH = YES;
				"CODE_SIGN_IDENTITY[sdk=iphoneos*]" = "iPhone Developer";
				COPY_PHASE_STRIP = NO;
				DEBUG_INFORMATION_FORMAT = "dwarf-with-dsym";
				ENABLE_NS_ASSERTIONS = NO;
				ENABLE_STRICT_OBJC_MSGSEND = YES;
				GCC_C_LANGUAGE_STANDARD = gnu99;
				GCC_NO_COMMON_BLOCKS = YES;
				GCC_WARN_64_TO_32_BIT_CONVERSION = YES;
				GCC_WARN_ABOUT_RETURN_TYPE = YES_ERROR;
				GCC_WARN_UNDECLARED_SELECTOR = YES;
				GCC_WARN_UNINITIALIZED_AUTOS = YES_AGGRESSIVE;
				GCC_WARN_UNUSED_FUNCTION = YES;
				GCC_WARN_UNUSED_VARIABLE = YES;
				IPHONEOS_DEPLOYMENT_TARGET = 8.3;
				MTL_ENABLE_DEBUG_INFO = NO;
				SDKROOT = iphoneos;
				TARGETED_DEVICE_FAMILY = "1,2";
				VALIDATE_PRODUCT = YES;
			};
			name = Release;
		};
		F96E6E461B40FD4900D53657 /* Debug */ = {
			isa = XCBuildConfiguration;
			buildSettings = {
				ASSETCATALOG_COMPILER_APPICON_NAME = AppIcon;
				INFOPLIST_FILE = NavigationProject/Info.plist;
				LD_RUNPATH_SEARCH_PATHS = "$(inherited) @executable_path/Frameworks";
				PRODUCT_NAME = "$(TARGET_NAME)";
			};
			name = Debug;
		};
		F96E6E471B40FD4900D53657 /* Release */ = {
			isa = XCBuildConfiguration;
			buildSettings = {
				ASSETCATALOG_COMPILER_APPICON_NAME = AppIcon;
				INFOPLIST_FILE = NavigationProject/Info.plist;
				LD_RUNPATH_SEARCH_PATHS = "$(inherited) @executable_path/Frameworks";
				PRODUCT_NAME = "$(TARGET_NAME)";
			};
			name = Release;
		};
		F96E6E491B40FD4900D53657 /* Debug */ = {
			isa = XCBuildConfiguration;
			buildSettings = {
				BUNDLE_LOADER = "$(TEST_HOST)";
				FRAMEWORK_SEARCH_PATHS = (
					"$(SDKROOT)/Developer/Library/Frameworks",
					"$(inherited)",
				);
				GCC_PREPROCESSOR_DEFINITIONS = (
					"DEBUG=1",
					"$(inherited)",
				);
				INFOPLIST_FILE = NavigationProjectTests/Info.plist;
				LD_RUNPATH_SEARCH_PATHS = "$(inherited) @executable_path/Frameworks @loader_path/Frameworks";
				PRODUCT_NAME = "$(TARGET_NAME)";
				TEST_HOST = "$(BUILT_PRODUCTS_DIR)/NavigationProject.app/NavigationProject";
			};
			name = Debug;
		};
		F96E6E4A1B40FD4900D53657 /* Release */ = {
			isa = XCBuildConfiguration;
			buildSettings = {
				BUNDLE_LOADER = "$(TEST_HOST)";
				FRAMEWORK_SEARCH_PATHS = (
					"$(SDKROOT)/Developer/Library/Frameworks",
					"$(inherited)",
				);
				INFOPLIST_FILE = NavigationProjectTests/Info.plist;
				LD_RUNPATH_SEARCH_PATHS = "$(inherited) @executable_path/Frameworks @loader_path/Frameworks";
				PRODUCT_NAME = "$(TARGET_NAME)";
				TEST_HOST = "$(BUILT_PRODUCTS_DIR)/NavigationProject.app/NavigationProject";
			};
			name = Release;
		};
/* End XCBuildConfiguration section */

/* Begin XCConfigurationList section */
		F96E6E211B40FD4900D53657 /* Build configuration list for PBXProject "NavigationProject" */ = {
			isa = XCConfigurationList;
			buildConfigurations = (
				F96E6E431B40FD4900D53657 /* Debug */,
				F96E6E441B40FD4900D53657 /* Release */,
			);
			defaultConfigurationIsVisible = 0;
			defaultConfigurationName = Release;
		};
		F96E6E451B40FD4900D53657 /* Build configuration list for PBXNativeTarget "NavigationProject" */ = {
			isa = XCConfigurationList;
			buildConfigurations = (
				F96E6E461B40FD4900D53657 /* Debug */,
				F96E6E471B40FD4900D53657 /* Release */,
			);
			defaultConfigurationIsVisible = 0;
			defaultConfigurationName = Release;
		};
		F96E6E481B40FD4900D53657 /* Build configuration list for PBXNativeTarget "NavigationProjectTests" */ = {
			isa = XCConfigurationList;
			buildConfigurations = (
				F96E6E491B40FD4900D53657 /* Debug */,
				F96E6E4A1B40FD4900D53657 /* Release */,
			);
			defaultConfigurationIsVisible = 0;
			defaultConfigurationName = Release;
		};
/* End XCConfigurationList section */
	};
	rootObject = F96E6E1E1B40FD4900D53657 /* Project object */;
}
